// !$*UTF8*$!
{
	archiveVersion = 1;
	classes = {
	};
	objectVersion = 51;
	objects = {

/* Begin PBXBuildFile section */
		0BC2805925BD2414004E0FB3 /* ExpandableStackview.swift in Sources */ = {isa = PBXBuildFile; fileRef = 0BC2805825BD2414004E0FB3 /* ExpandableStackview.swift */; };
		0BCF261925BBAF5A00F02CF1 /* AppDelegate.swift in Sources */ = {isa = PBXBuildFile; fileRef = 0BCF261825BBAF5A00F02CF1 /* AppDelegate.swift */; };
		0BCF261B25BBAF5A00F02CF1 /* SceneDelegate.swift in Sources */ = {isa = PBXBuildFile; fileRef = 0BCF261A25BBAF5A00F02CF1 /* SceneDelegate.swift */; };
		0BCF261D25BBAF5A00F02CF1 /* ViewController.swift in Sources */ = {isa = PBXBuildFile; fileRef = 0BCF261C25BBAF5A00F02CF1 /* ViewController.swift */; };
		0BCF262025BBAF5A00F02CF1 /* Main.storyboard in Resources */ = {isa = PBXBuildFile; fileRef = 0BCF261E25BBAF5A00F02CF1 /* Main.storyboard */; };
		0BCF262225BBAF5C00F02CF1 /* Assets.xcassets in Resources */ = {isa = PBXBuildFile; fileRef = 0BCF262125BBAF5C00F02CF1 /* Assets.xcassets */; };
		0BCF262525BBAF5C00F02CF1 /* LaunchScreen.storyboard in Resources */ = {isa = PBXBuildFile; fileRef = 0BCF262325BBAF5C00F02CF1 /* LaunchScreen.storyboard */; };
		5868B48FAC58CD106EB12232 /* Pods_snapkit_practice.framework in Frameworks */ = {isa = PBXBuildFile; fileRef = 12D0F70A8E94D1F15BB5E331 /* Pods_snapkit_practice.framework */; };
/* End PBXBuildFile section */

/* Begin PBXFileReference section */
		0BC2805825BD2414004E0FB3 /* ExpandableStackview.swift */ = {isa = PBXFileReference; lastKnownFileType = sourcecode.swift; path = ExpandableStackview.swift; sourceTree = "<group>"; };
		0BCF261525BBAF5A00F02CF1 /* snapkit_practice.app */ = {isa = PBXFileReference; explicitFileType = wrapper.application; includeInIndex = 0; path = snapkit_practice.app; sourceTree = BUILT_PRODUCTS_DIR; };
		0BCF261825BBAF5A00F02CF1 /* AppDelegate.swift */ = {isa = PBXFileReference; lastKnownFileType = sourcecode.swift; path = AppDelegate.swift; sourceTree = "<group>"; };
		0BCF261A25BBAF5A00F02CF1 /* SceneDelegate.swift */ = {isa = PBXFileReference; lastKnownFileType = sourcecode.swift; path = SceneDelegate.swift; sourceTree = "<group>"; };
		0BCF261C25BBAF5A00F02CF1 /* ViewController.swift */ = {isa = PBXFileReference; lastKnownFileType = sourcecode.swift; path = ViewController.swift; sourceTree = "<group>"; };
		0BCF261F25BBAF5A00F02CF1 /* Base */ = {isa = PBXFileReference; lastKnownFileType = file.storyboard; name = Base; path = Base.lproj/Main.storyboard; sourceTree = "<group>"; };
		0BCF262125BBAF5C00F02CF1 /* Assets.xcassets */ = {isa = PBXFileReference; lastKnownFileType = folder.assetcatalog; path = Assets.xcassets; sourceTree = "<group>"; };
		0BCF262425BBAF5C00F02CF1 /* Base */ = {isa = PBXFileReference; lastKnownFileType = file.storyboard; name = Base; path = Base.lproj/LaunchScreen.storyboard; sourceTree = "<group>"; };
		0BCF262625BBAF5C00F02CF1 /* Info.plist */ = {isa = PBXFileReference; lastKnownFileType = text.plist.xml; path = Info.plist; sourceTree = "<group>"; };
		12D0F70A8E94D1F15BB5E331 /* Pods_snapkit_practice.framework */ = {isa = PBXFileReference; explicitFileType = wrapper.framework; includeInIndex = 0; path = Pods_snapkit_practice.framework; sourceTree = BUILT_PRODUCTS_DIR; };
		98C7C959E856CE90A73D916C /* Pods-snapkit_practice.debug.xcconfig */ = {isa = PBXFileReference; includeInIndex = 1; lastKnownFileType = text.xcconfig; name = "Pods-snapkit_practice.debug.xcconfig"; path = "Target Support Files/Pods-snapkit_practice/Pods-snapkit_practice.debug.xcconfig"; sourceTree = "<group>"; };
		B7FDF146B989D15B04206215 /* Pods-snapkit_practice.release.xcconfig */ = {isa = PBXFileReference; includeInIndex = 1; lastKnownFileType = text.xcconfig; name = "Pods-snapkit_practice.release.xcconfig"; path = "Target Support Files/Pods-snapkit_practice/Pods-snapkit_practice.release.xcconfig"; sourceTree = "<group>"; };
/* End PBXFileReference section */

/* Begin PBXFrameworksBuildPhase section */
		0BCF261225BBAF5A00F02CF1 /* Frameworks */ = {
			isa = PBXFrameworksBuildPhase;
			buildActionMask = 2147483647;
			files = (
				5868B48FAC58CD106EB12232 /* Pods_snapkit_practice.framework in Frameworks */,
			);
			runOnlyForDeploymentPostprocessing = 0;
		};
/* End PBXFrameworksBuildPhase section */

/* Begin PBXGroup section */
		08A3A1930CFDB0A93ECCD018 /* Pods */ = {
			isa = PBXGroup;
			children = (
				98C7C959E856CE90A73D916C /* Pods-snapkit_practice.debug.xcconfig */,
				B7FDF146B989D15B04206215 /* Pods-snapkit_practice.release.xcconfig */,
			);
			path = Pods;
			sourceTree = "<group>";
		};
		0BCF260C25BBAF5A00F02CF1 = {
			isa = PBXGroup;
			children = (
				0BCF261725BBAF5A00F02CF1 /* snapkit_practice */,
				0BCF261625BBAF5A00F02CF1 /* Products */,
				08A3A1930CFDB0A93ECCD018 /* Pods */,
				EA3A10C2C5F4E17DF90B276E /* Frameworks */,
			);
			sourceTree = "<group>";
		};
		0BCF261625BBAF5A00F02CF1 /* Products */ = {
			isa = PBXGroup;
			children = (
				0BCF261525BBAF5A00F02CF1 /* snapkit_practice.app */,
			);
			name = Products;
			sourceTree = "<group>";
		};
		0BCF261725BBAF5A00F02CF1 /* snapkit_practice */ = {
			isa = PBXGroup;
			children = (
				0BCF261825BBAF5A00F02CF1 /* AppDelegate.swift */,
				0BCF261A25BBAF5A00F02CF1 /* SceneDelegate.swift */,
				0BCF261C25BBAF5A00F02CF1 /* ViewController.swift */,
				0BC2805825BD2414004E0FB3 /* ExpandableStackview.swift */,
				0BCF261E25BBAF5A00F02CF1 /* Main.storyboard */,
				0BCF262125BBAF5C00F02CF1 /* Assets.xcassets */,
				0BCF262325BBAF5C00F02CF1 /* LaunchScreen.storyboard */,
				0BCF262625BBAF5C00F02CF1 /* Info.plist */,
			);
			path = snapkit_practice;
			sourceTree = "<group>";
		};
		EA3A10C2C5F4E17DF90B276E /* Frameworks */ = {
			isa = PBXGroup;
			children = (
				12D0F70A8E94D1F15BB5E331 /* Pods_snapkit_practice.framework */,
			);
			name = Frameworks;
			sourceTree = "<group>";
		};
/* End PBXGroup section */

/* Begin PBXNativeTarget section */
		0BCF261425BBAF5A00F02CF1 /* snapkit_practice */ = {
			isa = PBXNativeTarget;
			buildConfigurationList = 0BCF262925BBAF5C00F02CF1 /* Build configuration list for PBXNativeTarget "snapkit_practice" */;
			buildPhases = (
				A00EF808BD41547FDC056C4D /* [CP] Check Pods Manifest.lock */,
				0BCF261125BBAF5A00F02CF1 /* Sources */,
				0BCF261225BBAF5A00F02CF1 /* Frameworks */,
				0BCF261325BBAF5A00F02CF1 /* Resources */,
				2926DE2AC5E3BD0F9EBB2848 /* [CP] Embed Pods Frameworks */,
			);
			buildRules = (
			);
			dependencies = (
			);
			name = snapkit_practice;
			productName = snapkit_practice;
			productReference = 0BCF261525BBAF5A00F02CF1 /* snapkit_practice.app */;
			productType = "com.apple.product-type.application";
		};
/* End PBXNativeTarget section */

/* Begin PBXProject section */
		0BCF260D25BBAF5A00F02CF1 /* Project object */ = {
			isa = PBXProject;
			attributes = {
				LastSwiftUpdateCheck = 1230;
				LastUpgradeCheck = 1230;
				TargetAttributes = {
					0BCF261425BBAF5A00F02CF1 = {
						CreatedOnToolsVersion = 12.3;
					};
				};
			};
			buildConfigurationList = 0BCF261025BBAF5A00F02CF1 /* Build configuration list for PBXProject "snapkit_practice" */;
			compatibilityVersion = "Xcode 9.3";
			developmentRegion = en;
			hasScannedForEncodings = 0;
			knownRegions = (
				en,
				Base,
			);
			mainGroup = 0BCF260C25BBAF5A00F02CF1;
			productRefGroup = 0BCF261625BBAF5A00F02CF1 /* Products */;
			projectDirPath = "";
			projectRoot = "";
			targets = (
				0BCF261425BBAF5A00F02CF1 /* snapkit_practice */,
			);
		};
/* End PBXProject section */

/* Begin PBXResourcesBuildPhase section */
		0BCF261325BBAF5A00F02CF1 /* Resources */ = {
			isa = PBXResourcesBuildPhase;
			buildActionMask = 2147483647;
			files = (
				0BCF262525BBAF5C00F02CF1 /* LaunchScreen.storyboard in Resources */,
				0BCF262225BBAF5C00F02CF1 /* Assets.xcassets in Resources */,
				0BCF262025BBAF5A00F02CF1 /* Main.storyboard in Resources */,
			);
			runOnlyForDeploymentPostprocessing = 0;
		};
/* End PBXResourcesBuildPhase section */

/* Begin PBXShellScriptBuildPhase section */
		2926DE2AC5E3BD0F9EBB2848 /* [CP] Embed Pods Frameworks */ = {
			isa = PBXShellScriptBuildPhase;
			buildActionMask = 2147483647;
			files = (
			);
			inputFileListPaths = (
				"${PODS_ROOT}/Target Support Files/Pods-snapkit_practice/Pods-snapkit_practice-frameworks-${CONFIGURATION}-input-files.xcfilelist",
			);
			name = "[CP] Embed Pods Frameworks";
			outputFileListPaths = (
				"${PODS_ROOT}/Target Support Files/Pods-snapkit_practice/Pods-snapkit_practice-frameworks-${CONFIGURATION}-output-files.xcfilelist",
			);
			runOnlyForDeploymentPostprocessing = 0;
			shellPath = /bin/sh;
			shellScript = "\"${PODS_ROOT}/Target Support Files/Pods-snapkit_practice/Pods-snapkit_practice-frameworks.sh\"\n";
			showEnvVarsInLog = 0;
		};
		A00EF808BD41547FDC056C4D /* [CP] Check Pods Manifest.lock */ = {
			isa = PBXShellScriptBuildPhase;
			buildActionMask = 2147483647;
			files = (
			);
			inputFileListPaths = (
			);
			inputPaths = (
				"${PODS_PODFILE_DIR_PATH}/Podfile.lock",
				"${PODS_ROOT}/Manifest.lock",
			);
			name = "[CP] Check Pods Manifest.lock";
			outputFileListPaths = (
			);
			outputPaths = (
				"$(DERIVED_FILE_DIR)/Pods-snapkit_practice-checkManifestLockResult.txt",
			);
			runOnlyForDeploymentPostprocessing = 0;
			shellPath = /bin/sh;
			shellScript = "diff \"${PODS_PODFILE_DIR_PATH}/Podfile.lock\" \"${PODS_ROOT}/Manifest.lock\" > /dev/null\nif [ $? != 0 ] ; then\n    # print error to STDERR\n    echo \"error: The sandbox is not in sync with the Podfile.lock. Run 'pod install' or update your CocoaPods installation.\" >&2\n    exit 1\nfi\n# This output is used by Xcode 'outputs' to avoid re-running this script phase.\necho \"SUCCESS\" > \"${SCRIPT_OUTPUT_FILE_0}\"\n";
			showEnvVarsInLog = 0;
		};
/* End PBXShellScriptBuildPhase section */

/* Begin PBXSourcesBuildPhase section */
		0BCF261125BBAF5A00F02CF1 /* Sources */ = {
			isa = PBXSourcesBuildPhase;
			buildActionMask = 2147483647;
			files = (
				0BCF261D25BBAF5A00F02CF1 /* ViewController.swift in Sources */,
				0BC2805925BD2414004E0FB3 /* ExpandableStackview.swift in Sources */,
				0BCF261925BBAF5A00F02CF1 /* AppDelegate.swift in Sources */,
				0BCF261B25BBAF5A00F02CF1 /* SceneDelegate.swift in Sources */,
			);
			runOnlyForDeploymentPostprocessing = 0;
		};
/* End PBXSourcesBuildPhase section */

/* Begin PBXVariantGroup section */
		0BCF261E25BBAF5A00F02CF1 /* Main.storyboard */ = {
			isa = PBXVariantGroup;
			children = (
				0BCF261F25BBAF5A00F02CF1 /* Base */,
			);
			name = Main.storyboard;
			sourceTree = "<group>";
		};
		0BCF262325BBAF5C00F02CF1 /* LaunchScreen.storyboard */ = {
			isa = PBXVariantGroup;
			children = (
				0BCF262425BBAF5C00F02CF1 /* Base */,
			);
			name = LaunchScreen.storyboard;
			sourceTree = "<group>";
		};
/* End PBXVariantGroup section */

/* Begin XCBuildConfiguration section */
		0BCF262725BBAF5C00F02CF1 /* Debug */ = {
			isa = XCBuildConfiguration;
			buildSettings = {
				ALWAYS_SEARCH_USER_PATHS = NO;
				CLANG_ANALYZER_NONNULL = YES;
				CLANG_ANALYZER_NUMBER_OBJECT_CONVERSION = YES_AGGRESSIVE;
				CLANG_CXX_LANGUAGE_STANDARD = "gnu++14";
				CLANG_CXX_LIBRARY = "libc++";
				CLANG_ENABLE_MODULES = YES;
				CLANG_ENABLE_OBJC_ARC = YES;
				CLANG_ENABLE_OBJC_WEAK = YES;
				CLANG_WARN_BLOCK_CAPTURE_AUTORELEASING = YES;
				CLANG_WARN_BOOL_CONVERSION = YES;
				CLANG_WARN_COMMA = YES;
				CLANG_WARN_CONSTANT_CONVERSION = YES;
				CLANG_WARN_DEPRECATED_OBJC_IMPLEMENTATIONS = YES;
				CLANG_WARN_DIRECT_OBJC_ISA_USAGE = YES_ERROR;
				CLANG_WARN_DOCUMENTATION_COMMENTS = YES;
				CLANG_WARN_EMPTY_BODY = YES;
				CLANG_WARN_ENUM_CONVERSION = YES;
				CLANG_WARN_INFINITE_RECURSION = YES;
				CLANG_WARN_INT_CONVERSION = YES;
				CLANG_WARN_NON_LITERAL_NULL_CONVERSION = YES;
				CLANG_WARN_OBJC_IMPLICIT_RETAIN_SELF = YES;
				CLANG_WARN_OBJC_LITERAL_CONVERSION = YES;
				CLANG_WARN_OBJC_ROOT_CLASS = YES_ERROR;
				CLANG_WARN_QUOTED_INCLUDE_IN_FRAMEWORK_HEADER = YES;
				CLANG_WARN_RANGE_LOOP_ANALYSIS = YES;
				CLANG_WARN_STRICT_PROTOTYPES = YES;
				CLANG_WARN_SUSPICIOUS_MOVE = YES;
				CLANG_WARN_UNGUARDED_AVAILABILITY = YES_AGGRESSIVE;
				CLANG_WARN_UNREACHABLE_CODE = YES;
				CLANG_WARN__DUPLICATE_METHOD_MATCH = YES;
				COPY_PHASE_STRIP = NO;
				DEBUG_INFORMATION_FORMAT = dwarf;
				ENABLE_STRICT_OBJC_MSGSEND = YES;
				ENABLE_TESTABILITY = YES;
				GCC_C_LANGUAGE_STANDARD = gnu11;
				GCC_DYNAMIC_NO_PIC = NO;
				GCC_NO_COMMON_BLOCKS = YES;
				GCC_OPTIMIZATION_LEVEL = 0;
				GCC_PREPROCESSOR_DEFINITIONS = (
					"DEBUG=1",
					"$(inherited)",
				);
				GCC_WARN_64_TO_32_BIT_CONVERSION = YES;
				GCC_WARN_ABOUT_RETURN_TYPE = YES_ERROR;
				GCC_WARN_UNDECLARED_SELECTOR = YES;
				GCC_WARN_UNINITIALIZED_AUTOS = YES_AGGRESSIVE;
				GCC_WARN_UNUSED_FUNCTION = YES;
				GCC_WARN_UNUSED_VARIABLE = YES;
				IPHONEOS_DEPLOYMENT_TARGET = 14.3;
				MTL_ENABLE_DEBUG_INFO = INCLUDE_SOURCE;
				MTL_FAST_MATH = YES;
				ONLY_ACTIVE_ARCH = YES;
				SDKROOT = iphoneos;
				SWIFT_ACTIVE_COMPILATION_CONDITIONS = DEBUG;
				SWIFT_OPTIMIZATION_LEVEL = "-Onone";
			};
			name = Debug;
		};
		0BCF262825BBAF5C00F02CF1 /* Release */ = {
			isa = XCBuildConfiguration;
			buildSettings = {
				ALWAYS_SEARCH_USER_PATHS = NO;
				CLANG_ANALYZER_NONNULL = YES;
				CLANG_ANALYZER_NUMBER_OBJECT_CONVERSION = YES_AGGRESSIVE;
				CLANG_CXX_LANGUAGE_STANDARD = "gnu++14";
				CLANG_CXX_LIBRARY = "libc++";
				CLANG_ENABLE_MODULES = YES;
				CLANG_ENABLE_OBJC_ARC = YES;
				CLANG_ENABLE_OBJC_WEAK = YES;
				CLANG_WARN_BLOCK_CAPTURE_AUTORELEASING = YES;
				CLANG_WARN_BOOL_CONVERSION = YES;
				CLANG_WARN_COMMA = YES;
				CLANG_WARN_CONSTANT_CONVERSION = YES;
				CLANG_WARN_DEPRECATED_OBJC_IMPLEMENTATIONS = YES;
				CLANG_WARN_DIRECT_OBJC_ISA_USAGE = YES_ERROR;
				CLANG_WARN_DOCUMENTATION_COMMENTS = YES;
				CLANG_WARN_EMPTY_BODY = YES;
				CLANG_WARN_ENUM_CONVERSION = YES;
				CLANG_WARN_INFINITE_RECURSION = YES;
				CLANG_WARN_INT_CONVERSION = YES;
				CLANG_WARN_NON_LITERAL_NULL_CONVERSION = YES;
				CLANG_WARN_OBJC_IMPLICIT_RETAIN_SELF = YES;
				CLANG_WARN_OBJC_LITERAL_CONVERSION = YES;
				CLANG_WARN_OBJC_ROOT_CLASS = YES_ERROR;
				CLANG_WARN_QUOTED_INCLUDE_IN_FRAMEWORK_HEADER = YES;
				CLANG_WARN_RANGE_LOOP_ANALYSIS = YES;
				CLANG_WARN_STRICT_PROTOTYPES = YES;
				CLANG_WARN_SUSPICIOUS_MOVE = YES;
				CLANG_WARN_UNGUARDED_AVAILABILITY = YES_AGGRESSIVE;
				CLANG_WARN_UNREACHABLE_CODE = YES;
				CLANG_WARN__DUPLICATE_METHOD_MATCH = YES;
				COPY_PHASE_STRIP = NO;
				DEBUG_INFORMATION_FORMAT = "dwarf-with-dsym";
				ENABLE_NS_ASSERTIONS = NO;
				ENABLE_STRICT_OBJC_MSGSEND = YES;
				GCC_C_LANGUAGE_STANDARD = gnu11;
				GCC_NO_COMMON_BLOCKS = YES;
				GCC_WARN_64_TO_32_BIT_CONVERSION = YES;
				GCC_WARN_ABOUT_RETURN_TYPE = YES_ERROR;
				GCC_WARN_UNDECLARED_SELECTOR = YES;
				GCC_WARN_UNINITIALIZED_AUTOS = YES_AGGRESSIVE;
				GCC_WARN_UNUSED_FUNCTION = YES;
				GCC_WARN_UNUSED_VARIABLE = YES;
				IPHONEOS_DEPLOYMENT_TARGET = 14.3;
				MTL_ENABLE_DEBUG_INFO = NO;
				MTL_FAST_MATH = YES;
				SDKROOT = iphoneos;
				SWIFT_COMPILATION_MODE = wholemodule;
				SWIFT_OPTIMIZATION_LEVEL = "-O";
				VALIDATE_PRODUCT = YES;
			};
			name = Release;
		};
		0BCF262A25BBAF5C00F02CF1 /* Debug */ = {
			isa = XCBuildConfiguration;
			baseConfigurationReference = 98C7C959E856CE90A73D916C /* Pods-snapkit_practice.debug.xcconfig */;
			buildSettings = {
				ASSETCATALOG_COMPILER_APPICON_NAME = AppIcon;
				ASSETCATALOG_COMPILER_GLOBAL_ACCENT_COLOR_NAME = AccentColor;
				CODE_SIGN_STYLE = Automatic;
				DEVELOPMENT_TEAM = 7389FTCSZN;
				INFOPLIST_FILE = snapkit_practice/Info.plist;
				LD_RUNPATH_SEARCH_PATHS = (
					"$(inherited)",
					"@executable_path/Frameworks",
				);
				PRODUCT_BUNDLE_IDENTIFIER = "richard.snapkit-practice";
				PRODUCT_NAME = "$(TARGET_NAME)";
				SWIFT_VERSION = 5.0;
				TARGETED_DEVICE_FAMILY = "1,2";
			};
			name = Debug;
		};
		0BCF262B25BBAF5C00F02CF1 /* Release */ = {
			isa = XCBuildConfiguration;
			baseConfigurationReference = B7FDF146B989D15B04206215 /* Pods-snapkit_practice.release.xcconfig */;
			buildSettings = {
				ASSETCATALOG_COMPILER_APPICON_NAME = AppIcon;
				ASSETCATALOG_COMPILER_GLOBAL_ACCENT_COLOR_NAME = AccentColor;
				CODE_SIGN_STYLE = Automatic;
				DEVELOPMENT_TEAM = 7389FTCSZN;
				INFOPLIST_FILE = snapkit_practice/Info.plist;
				LD_RUNPATH_SEARCH_PATHS = (
					"$(inherited)",
					"@executable_path/Frameworks",
				);
				PRODUCT_BUNDLE_IDENTIFIER = "richard.snapkit-practice";
				PRODUCT_NAME = "$(TARGET_NAME)";
				SWIFT_VERSION = 5.0;
				TARGETED_DEVICE_FAMILY = "1,2";
			};
			name = Release;
		};
/* End XCBuildConfiguration section */

/* Begin XCConfigurationList section */
		0BCF261025BBAF5A00F02CF1 /* Build configuration list for PBXProject "snapkit_practice" */ = {
			isa = XCConfigurationList;
			buildConfigurations = (
				0BCF262725BBAF5C00F02CF1 /* Debug */,
				0BCF262825BBAF5C00F02CF1 /* Release */,
			);
			defaultConfigurationIsVisible = 0;
			defaultConfigurationName = Release;
		};
		0BCF262925BBAF5C00F02CF1 /* Build configuration list for PBXNativeTarget "snapkit_practice" */ = {
			isa = XCConfigurationList;
			buildConfigurations = (
				0BCF262A25BBAF5C00F02CF1 /* Debug */,
				0BCF262B25BBAF5C00F02CF1 /* Release */,
			);
			defaultConfigurationIsVisible = 0;
			defaultConfigurationName = Release;
		};
/* End XCConfigurationList section */
	};
	rootObject = 0BCF260D25BBAF5A00F02CF1 /* Project object */;
}
